PODS:
  - Adapty (3.17.2):
    - AdaptyLogger (= 3.17.2)
    - AdaptyUIBuilder (= 3.17.2)
  - adapty_flutter (3.17.1):
    - Adapty (= 3.17.2)
    - AdaptyPlugin (= 3.17.2)
    - AdaptyUI (= 3.17.2)
    - Flutter
  - AdaptyLogger (3.17.2)
  - AdaptyPlugin (3.17.2):
    - Adapty (= 3.17.2)
    - AdaptyLogger (= 3.17.2)
    - AdaptyUI (= 3.17.2)
    - AdaptyUIBuilder (= 3.17.2)
  - AdaptyUI (3.17.2):
    - Adapty (= 3.17.2)
    - AdaptyLogger (= 3.17.2)
    - AdaptyUIBuilder (= 3.17.2)
  - AdaptyUIBuilder (3.17.2):
    - AdaptyLogger (= 3.17.2)
  - Flutter (1.0.0)
  - in_app_review (2.0.0):
    - Flutter
  - local_auth_darwin (0.0.1):
    - Flutter
    - FlutterMacOS
  - qr_code_scanner_plus (0.2.6):
    - Flutter
  - share_plus (0.0.1):
    - Flutter
  - shared_preferences_foundation (0.0.1):
    - Flutter
    - FlutterMacOS
  - url_launcher_ios (0.0.1):
    - Flutter
  - webview_flutter_wkwebview (0.0.1):
    - Flutter
    - FlutterMacOS

DEPENDENCIES:
  - adapty_flutter (from `.symlinks/plugins/adapty_flutter/ios`)
  - Flutter (from `Flutter`)
  - in_app_review (from `.symlinks/plugins/in_app_review/ios`)
  - local_auth_darwin (from `.symlinks/plugins/local_auth_darwin/darwin`)
  - qr_code_scanner_plus (from `.symlinks/plugins/qr_code_scanner_plus/ios`)
  - share_plus (from `.symlinks/plugins/share_plus/ios`)
  - shared_preferences_foundation (from `.symlinks/plugins/shared_preferences_foundation/darwin`)
  - url_launcher_ios (from `.symlinks/plugins/url_launcher_ios/ios`)
  - webview_flutter_wkwebview (from `.symlinks/plugins/webview_flutter_wkwebview/darwin`)

SPEC REPOS:
  trunk:
    - Adapty
    - AdaptyLogger
    - AdaptyPlugin
    - AdaptyUI
    - AdaptyUIBuilder

EXTERNAL SOURCES:
  adapty_flutter:
    :path: ".symlinks/plugins/adapty_flutter/ios"
  Flutter:
    :path: Flutter
  in_app_review:
    :path: ".symlinks/plugins/in_app_review/ios"
  local_auth_darwin:
    :path: ".symlinks/plugins/local_auth_darwin/darwin"
  qr_code_scanner_plus:
    :path: ".symlinks/plugins/qr_code_scanner_plus/ios"
  share_plus:
    :path: ".symlinks/plugins/share_plus/ios"
  shared_preferences_foundation:
    :path: ".symlinks/plugins/shared_preferences_foundation/darwin"
  url_launcher_ios:
    :path: ".symlinks/plugins/url_launcher_ios/ios"
  webview_flutter_wkwebview:
    :path: ".symlinks/plugins/webview_flutter_wkwebview/darwin"

SPEC CHECKSUMS:
  Adapty: fd1e8130a1298abba9bc084a69a63c80fcc5275a
  adapty_flutter: 09d5cd1c53553f58f36d2ad3783e2ef68ad0c4aa
  AdaptyLogger: c59354e1e6b602d08eae91b79bd1492d78c46820
  AdaptyPlugin: 87183239c885f4a251acbd354631fd2d6f281a5b
  AdaptyUI: ecd9614d961257d4608315510e8030e40efbbcd5
  AdaptyUIBuilder: 7425b23c8039d62f02463a4d236e86c8e08d61f8
  Flutter: cabc95a1d2626b1b06e7179b784ebcf0c0cde467
  in_app_review: 7dd1ea365263f834b8464673f9df72c80c17c937
  local_auth_darwin: c3ee6cce0a8d56be34c8ccb66ba31f7f180aaebb
  qr_code_scanner_plus: c6e79405d5fc87c45349daed2da322bcb2728961
  share_plus: 50da8cb520a8f0f65671c6c6a99b3617ed10a58a
  shared_preferences_foundation: 7036424c3d8ec98dfe75ff1667cb0cd531ec82bb
  url_launcher_ios: 7a95fa5b60cc718a708b8f2966718e93db0cef1b
  webview_flutter_wkwebview: 8ebf4fded22593026f7dbff1fbff31ea98573c8d

PODFILE CHECKSUM: 251cb053df7158f337c0712f2ab29f4e0fa474ce

COCOAPODS: 1.17.0
